// !$*UTF8*$!
{
	archiveVersion = 1;
	classes = {
	};
	objectVersion = 46;
	objects = {

/* Begin PBXBuildFile section */
		7F6F7C361D366C4C001ECE75 /* main.m in Sources */ = {isa = PBXBuildFile; fileRef = 7F6F7C351D366C4C001ECE75 /* main.m */; };
		7F6F7C391D366C4C001ECE75 /* AppDelegate.m in Sources */ = {isa = PBXBuildFile; fileRef = 7F6F7C381D366C4C001ECE75 /* AppDelegate.m */; };
		7F6F7C3C1D366C4C001ECE75 /* ViewController.m in Sources */ = {isa = PBXBuildFile; fileRef = 7F6F7C3B1D366C4C001ECE75 /* ViewController.m */; };
		7F6F7C3F1D366C4C001ECE75 /* Main.storyboard in Resources */ = {isa = PBXBuildFile; fileRef = 7F6F7C3D1D366C4C001ECE75 /* Main.storyboard */; };
		7F6F7C421D366C4C001ECE75 /* GXToastDemo.xcdatamodeld in Sources */ = {isa = PBXBuildFile; fileRef = 7F6F7C401D366C4C001ECE75 /* GXToastDemo.xcdatamodeld */; };
		7F6F7C441D366C4C001ECE75 /* Assets.xcassets in Resources */ = {isa = PBXBuildFile; fileRef = 7F6F7C431D366C4C001ECE75 /* Assets.xcassets */; };
		7F6F7C471D366C4C001ECE75 /* LaunchScreen.storyboard in Resources */ = {isa = PBXBuildFile; fileRef = 7F6F7C451D366C4C001ECE75 /* LaunchScreen.storyboard */; };
		7F6F7C521D366C4C001ECE75 /* GXToastDemoTests.m in Sources */ = {isa = PBXBuildFile; fileRef = 7F6F7C511D366C4C001ECE75 /* GXToastDemoTests.m */; };
		7F6F7C5D1D366C4C001ECE75 /* GXToastDemoUITests.m in Sources */ = {isa = PBXBuildFile; fileRef = 7F6F7C5C1D366C4C001ECE75 /* GXToastDemoUITests.m */; };
		7F6F7C6C1D366C68001ECE75 /* GXToast.m in Sources */ = {isa = PBXBuildFile; fileRef = 7F6F7C6B1D366C68001ECE75 /* GXToast.m */; };
/* End PBXBuildFile section */

/* Begin PBXContainerItemProxy section */
		7F6F7C4E1D366C4C001ECE75 /* PBXContainerItemProxy */ = {
			isa = PBXContainerItemProxy;
			containerPortal = 7F6F7C291D366C4C001ECE75 /* Project object */;
			proxyType = 1;
			remoteGlobalIDString = 7F6F7C301D366C4C001ECE75;
			remoteInfo = GXToastDemo;
		};
		7F6F7C591D366C4C001ECE75 /* PBXContainerItemProxy */ = {
			isa = PBXContainerItemProxy;
			containerPortal = 7F6F7C291D366C4C001ECE75 /* Project object */;
			proxyType = 1;
			remoteGlobalIDString = 7F6F7C301D366C4C001ECE75;
			remoteInfo = GXToastDemo;
		};
/* End PBXContainerItemProxy section */

/* Begin PBXFileReference section */
		7F6F7C311D366C4C001ECE75 /* GXToastDemo.app */ = {isa = PBXFileReference; explicitFileType = wrapper.application; includeInIndex = 0; path = GXToastDemo.app; sourceTree = BUILT_PRODUCTS_DIR; };
		7F6F7C351D366C4C001ECE75 /* main.m */ = {isa = PBXFileReference; lastKnownFileType = sourcecode.c.objc; path = main.m; sourceTree = "<group>"; };
		7F6F7C371D366C4C001ECE75 /* AppDelegate.h */ = {isa = PBXFileReference; lastKnownFileType = sourcecode.c.h; path = AppDelegate.h; sourceTree = "<group>"; };
		7F6F7C381D366C4C001ECE75 /* AppDelegate.m */ = {isa = PBXFileReference; lastKnownFileType = sourcecode.c.objc; path = AppDelegate.m; sourceTree = "<group>"; };
		7F6F7C3A1D366C4C001ECE75 /* ViewController.h */ = {isa = PBXFileReference; lastKnownFileType = sourcecode.c.h; path = ViewController.h; sourceTree = "<group>"; };
		7F6F7C3B1D366C4C001ECE75 /* ViewController.m */ = {isa = PBXFileReference; lastKnownFileType = sourcecode.c.objc; path = ViewController.m; sourceTree = "<group>"; };
		7F6F7C3E1D366C4C001ECE75 /* Base */ = {isa = PBXFileReference; lastKnownFileType = file.storyboard; name = Base; path = Base.lproj/Main.storyboard; sourceTree = "<group>"; };
		7F6F7C411D366C4C001ECE75 /* GXToastDemo.xcdatamodel */ = {isa = PBXFileReference; lastKnownFileType = wrapper.xcdatamodel; path = GXToastDemo.xcdatamodel; sourceTree = "<group>"; };
		7F6F7C431D366C4C001ECE75 /* Assets.xcassets */ = {isa = PBXFileReference; lastKnownFileType = folder.assetcatalog; path = Assets.xcassets; sourceTree = "<group>"; };
		7F6F7C461D366C4C001ECE75 /* Base */ = {isa = PBXFileReference; lastKnownFileType = file.storyboard; name = Base; path = Base.lproj/LaunchScreen.storyboard; sourceTree = "<group>"; };
		7F6F7C481D366C4C001ECE75 /* Info.plist */ = {isa = PBXFileReference; lastKnownFileType = text.plist.xml; path = Info.plist; sourceTree = "<group>"; };
		7F6F7C4D1D366C4C001ECE75 /* GXToastDemoTests.xctest */ = {isa = PBXFileReference; explicitFileType = wrapper.cfbundle; includeInIndex = 0; path = GXToastDemoTests.xctest; sourceTree = BUILT_PRODUCTS_DIR; };
		7F6F7C511D366C4C001ECE75 /* GXToastDemoTests.m */ = {isa = PBXFileReference; lastKnownFileType = sourcecode.c.objc; path = GXToastDemoTests.m; sourceTree = "<group>"; };
		7F6F7C531D366C4C001ECE75 /* Info.plist */ = {isa = PBXFileReference; lastKnownFileType = text.plist.xml; path = Info.plist; sourceTree = "<group>"; };
		7F6F7C581D366C4C001ECE75 /* GXToastDemoUITests.xctest */ = {isa = PBXFileReference; explicitFileType = wrapper.cfbundle; includeInIndex = 0; path = GXToastDemoUITests.xctest; sourceTree = BUILT_PRODUCTS_DIR; };
		7F6F7C5C1D366C4C001ECE75 /* GXToastDemoUITests.m */ = {isa = PBXFileReference; lastKnownFileType = sourcecode.c.objc; path = GXToastDemoUITests.m; sourceTree = "<group>"; };
		7F6F7C5E1D366C4C001ECE75 /* Info.plist */ = {isa = PBXFileReference; lastKnownFileType = text.plist.xml; path = Info.plist; sourceTree = "<group>"; };
		7F6F7C6A1D366C68001ECE75 /* GXToast.h */ = {isa = PBXFileReference; fileEncoding = 4; lastKnownFileType = sourcecode.c.h; path = GXToast.h; sourceTree = "<group>"; };
		7F6F7C6B1D366C68001ECE75 /* GXToast.m */ = {isa = PBXFileReference; fileEncoding = 4; lastKnownFileType = sourcecode.c.objc; path = GXToast.m; sourceTree = "<group>"; };
/* End PBXFileReference section */

/* Begin PBXFrameworksBuildPhase section */
		7F6F7C2E1D366C4C001ECE75 /* Frameworks */ = {
			isa = PBXFrameworksBuildPhase;
			buildActionMask = 2147483647;
			files = (
			);
			runOnlyForDeploymentPostprocessing = 0;
		};
		7F6F7C4A1D366C4C001ECE75 /* Frameworks */ = {
			isa = PBXFrameworksBuildPhase;
			buildActionMask = 2147483647;
			files = (
			);
			runOnlyForDeploymentPostprocessing = 0;
		};
		7F6F7C551D366C4C001ECE75 /* Frameworks */ = {
			isa = PBXFrameworksBuildPhase;
			buildActionMask = 2147483647;
			files = (
			);
			runOnlyForDeploymentPostprocessing = 0;
		};
/* End PBXFrameworksBuildPhase section */

/* Begin PBXGroup section */
		7F6F7C281D366C4C001ECE75 = {
			isa = PBXGroup;
			children = (
				7F6F7C331D366C4C001ECE75 /* GXToastDemo */,
				7F6F7C501D366C4C001ECE75 /* GXToastDemoTests */,
				7F6F7C5B1D366C4C001ECE75 /* GXToastDemoUITests */,
				7F6F7C321D366C4C001ECE75 /* Products */,
			);
			sourceTree = "<group>";
		};
		7F6F7C321D366C4C001ECE75 /* Products */ = {
			isa = PBXGroup;
			children = (
				7F6F7C311D366C4C001ECE75 /* GXToastDemo.app */,
				7F6F7C4D1D366C4C001ECE75 /* GXToastDemoTests.xctest */,
				7F6F7C581D366C4C001ECE75 /* GXToastDemoUITests.xctest */,
			);
			name = Products;
			sourceTree = "<group>";
		};
		7F6F7C331D366C4C001ECE75 /* GXToastDemo */ = {
			isa = PBXGroup;
			children = (
				7F6F7C6A1D366C68001ECE75 /* GXToast.h */,
				7F6F7C6B1D366C68001ECE75 /* GXToast.m */,
				7F6F7C371D366C4C001ECE75 /* AppDelegate.h */,
				7F6F7C381D366C4C001ECE75 /* AppDelegate.m */,
				7F6F7C3A1D366C4C001ECE75 /* ViewController.h */,
				7F6F7C3B1D366C4C001ECE75 /* ViewController.m */,
				7F6F7C3D1D366C4C001ECE75 /* Main.storyboard */,
				7F6F7C431D366C4C001ECE75 /* Assets.xcassets */,
				7F6F7C451D366C4C001ECE75 /* LaunchScreen.storyboard */,
				7F6F7C481D366C4C001ECE75 /* Info.plist */,
				7F6F7C401D366C4C001ECE75 /* GXToastDemo.xcdatamodeld */,
				7F6F7C341D366C4C001ECE75 /* Supporting Files */,
			);
			path = GXToastDemo;
			sourceTree = "<group>";
		};
		7F6F7C341D366C4C001ECE75 /* Supporting Files */ = {
			isa = PBXGroup;
			children = (
				7F6F7C351D366C4C001ECE75 /* main.m */,
			);
			name = "Supporting Files";
			sourceTree = "<group>";
		};
		7F6F7C501D366C4C001ECE75 /* GXToastDemoTests */ = {
			isa = PBXGroup;
			children = (
				7F6F7C511D366C4C001ECE75 /* GXToastDemoTests.m */,
				7F6F7C531D366C4C001ECE75 /* Info.plist */,
			);
			path = GXToastDemoTests;
			sourceTree = "<group>";
		};
		7F6F7C5B1D366C4C001ECE75 /* GXToastDemoUITests */ = {
			isa = PBXGroup;
			children = (
				7F6F7C5C1D366C4C001ECE75 /* GXToastDemoUITests.m */,
				7F6F7C5E1D366C4C001ECE75 /* Info.plist */,
			);
			path = GXToastDemoUITests;
			sourceTree = "<group>";
		};
/* End PBXGroup section */

/* Begin PBXNativeTarget section */
		7F6F7C301D366C4C001ECE75 /* GXToastDemo */ = {
			isa = PBXNativeTarget;
			buildConfigurationList = 7F6F7C611D366C4C001ECE75 /* Build configuration list for PBXNativeTarget "GXToastDemo" */;
			buildPhases = (
				7F6F7C2D1D366C4C001ECE75 /* Sources */,
				7F6F7C2E1D366C4C001ECE75 /* Frameworks */,
				7F6F7C2F1D366C4C001ECE75 /* Resources */,
			);
			buildRules = (
			);
			dependencies = (
			);
			name = GXToastDemo;
			productName = GXToastDemo;
			productReference = 7F6F7C311D366C4C001ECE75 /* GXToastDemo.app */;
			productType = "com.apple.product-type.application";
		};
		7F6F7C4C1D366C4C001ECE75 /* GXToastDemoTests */ = {
			isa = PBXNativeTarget;
			buildConfigurationList = 7F6F7C641D366C4C001ECE75 /* Build configuration list for PBXNativeTarget "GXToastDemoTests" */;
			buildPhases = (
				7F6F7C491D366C4C001ECE75 /* Sources */,
				7F6F7C4A1D366C4C001ECE75 /* Frameworks */,
				7F6F7C4B1D366C4C001ECE75 /* Resources */,
			);
			buildRules = (
			);
			dependencies = (
				7F6F7C4F1D366C4C001ECE75 /* PBXTargetDependency */,
			);
			name = GXToastDemoTests;
			productName = GXToastDemoTests;
			productReference = 7F6F7C4D1D366C4C001ECE75 /* GXToastDemoTests.xctest */;
			productType = "com.apple.product-type.bundle.unit-test";
		};
		7F6F7C571D366C4C001ECE75 /* GXToastDemoUITests */ = {
			isa = PBXNativeTarget;
			buildConfigurationList = 7F6F7C671D366C4C001ECE75 /* Build configuration list for PBXNativeTarget "GXToastDemoUITests" */;
			buildPhases = (
				7F6F7C541D366C4C001ECE75 /* Sources */,
				7F6F7C551D366C4C001ECE75 /* Frameworks */,
				7F6F7C561D366C4C001ECE75 /* Resources */,
			);
			buildRules = (
			);
			dependencies = (
				7F6F7C5A1D366C4C001ECE75 /* PBXTargetDependency */,
			);
			name = GXToastDemoUITests;
			productName = GXToastDemoUITests;
			productReference = 7F6F7C581D366C4C001ECE75 /* GXToastDemoUITests.xctest */;
			productType = "com.apple.product-type.bundle.ui-testing";
		};
/* End PBXNativeTarget section */

/* Begin PBXProject section */
		7F6F7C291D366C4C001ECE75 /* Project object */ = {
			isa = PBXProject;
			attributes = {
				LastUpgradeCheck = 0730;
				ORGANIZATIONNAME = garyxuan;
				TargetAttributes = {
					7F6F7C301D366C4C001ECE75 = {
						CreatedOnToolsVersion = 7.3;
						DevelopmentTeam = V5XA43KP9A;
					};
					7F6F7C4C1D366C4C001ECE75 = {
						CreatedOnToolsVersion = 7.3;
						DevelopmentTeam = V5XA43KP9A;
						TestTargetID = 7F6F7C301D366C4C001ECE75;
					};
					7F6F7C571D366C4C001ECE75 = {
						CreatedOnToolsVersion = 7.3;
						DevelopmentTeam = V5XA43KP9A;
						TestTargetID = 7F6F7C301D366C4C001ECE75;
					};
				};
			};
			buildConfigurationList = 7F6F7C2C1D366C4C001ECE75 /* Build configuration list for PBXProject "GXToastDemo" */;
			compatibilityVersion = "Xcode 3.2";
			developmentRegion = English;
			hasScannedForEncodings = 0;
			knownRegions = (
				en,
				Base,
			);
			mainGroup = 7F6F7C281D366C4C001ECE75;
			productRefGroup = 7F6F7C321D366C4C001ECE75 /* Products */;
			projectDirPath = "";
			projectRoot = "";
			targets = (
				7F6F7C301D366C4C001ECE75 /* GXToastDemo */,
				7F6F7C4C1D366C4C001ECE75 /* GXToastDemoTests */,
				7F6F7C571D366C4C001ECE75 /* GXToastDemoUITests */,
			);
		};
/* End PBXProject section */

/* Begin PBXResourcesBuildPhase section */
		7F6F7C2F1D366C4C001ECE75 /* Resources */ = {
			isa = PBXResourcesBuildPhase;
			buildActionMask = 2147483647;
			files = (
				7F6F7C471D366C4C001ECE75 /* LaunchScreen.storyboard in Resources */,
				7F6F7C441D366C4C001ECE75 /* Assets.xcassets in Resources */,
				7F6F7C3F1D366C4C001ECE75 /* Main.storyboard in Resources */,
			);
			runOnlyForDeploymentPostprocessing = 0;
		};
		7F6F7C4B1D366C4C001ECE75 /* Resources */ = {
			isa = PBXResourcesBuildPhase;
			buildActionMask = 2147483647;
			files = (
			);
			runOnlyForDeploymentPostprocessing = 0;
		};
		7F6F7C561D366C4C001ECE75 /* Resources */ = {
			isa = PBXResourcesBuildPhase;
			buildActionMask = 2147483647;
			files = (
			);
			runOnlyForDeploymentPostprocessing = 0;
		};
/* End PBXResourcesBuildPhase section */

/* Begin PBXSourcesBuildPhase section */
		7F6F7C2D1D366C4C001ECE75 /* Sources */ = {
			isa = PBXSourcesBuildPhase;
			buildActionMask = 2147483647;
			files = (
				7F6F7C3C1D366C4C001ECE75 /* ViewController.m in Sources */,
				7F6F7C391D366C4C001ECE75 /* AppDelegate.m in Sources */,
				7F6F7C361D366C4C001ECE75 /* main.m in Sources */,
				7F6F7C421D366C4C001ECE75 /* GXToastDemo.xcdatamodeld in Sources */,
				7F6F7C6C1D366C68001ECE75 /* GXToast.m in Sources */,
			);
			runOnlyForDeploymentPostprocessing = 0;
		};
		7F6F7C491D366C4C001ECE75 /* Sources */ = {
			isa = PBXSourcesBuildPhase;
			buildActionMask = 2147483647;
			files = (
				7F6F7C521D366C4C001ECE75 /* GXToastDemoTests.m in Sources */,
			);
			runOnlyForDeploymentPostprocessing = 0;
		};
		7F6F7C541D366C4C001ECE75 /* Sources */ = {
			isa = PBXSourcesBuildPhase;
			buildActionMask = 2147483647;
			files = (
				7F6F7C5D1D366C4C001ECE75 /* GXToastDemoUITests.m in Sources */,
			);
			runOnlyForDeploymentPostprocessing = 0;
		};
/* End PBXSourcesBuildPhase section */

/* Begin PBXTargetDependency section */
		7F6F7C4F1D366C4C001ECE75 /* PBXTargetDependency */ = {
			isa = PBXTargetDependency;
			target = 7F6F7C301D366C4C001ECE75 /* GXToastDemo */;
			targetProxy = 7F6F7C4E1D366C4C001ECE75 /* PBXContainerItemProxy */;
		};
		7F6F7C5A1D366C4C001ECE75 /* PBXTargetDependency */ = {
			isa = PBXTargetDependency;
			target = 7F6F7C301D366C4C001ECE75 /* GXToastDemo */;
			targetProxy = 7F6F7C591D366C4C001ECE75 /* PBXContainerItemProxy */;
		};
/* End PBXTargetDependency section */

/* Begin PBXVariantGroup section */
		7F6F7C3D1D366C4C001ECE75 /* Main.storyboard */ = {
			isa = PBXVariantGroup;
			children = (
				7F6F7C3E1D366C4C001ECE75 /* Base */,
			);
			name = Main.storyboard;
			sourceTree = "<group>";
		};
		7F6F7C451D366C4C001ECE75 /* LaunchScreen.storyboard */ = {
			isa = PBXVariantGroup;
			children = (
				7F6F7C461D366C4C001ECE75 /* Base */,
			);
			name = LaunchScreen.storyboard;
			sourceTree = "<group>";
		};
/* End PBXVariantGroup section */

/* Begin XCBuildConfiguration section */
		7F6F7C5F1D366C4C001ECE75 /* Debug */ = {
			isa = XCBuildConfiguration;
			buildSettings = {
				ALWAYS_SEARCH_USER_PATHS = NO;
				CLANG_ANALYZER_NONNULL = YES;
				CLANG_CXX_LANGUAGE_STANDARD = "gnu++0x";
				CLANG_CXX_LIBRARY = "libc++";
				CLANG_ENABLE_MODULES = YES;
				CLANG_ENABLE_OBJC_ARC = YES;
				CLANG_WARN_BOOL_CONVERSION = YES;
				CLANG_WARN_CONSTANT_CONVERSION = YES;
				CLANG_WARN_DIRECT_OBJC_ISA_USAGE = YES_ERROR;
				CLANG_WARN_EMPTY_BODY = YES;
				CLANG_WARN_ENUM_CONVERSION = YES;
				CLANG_WARN_INT_CONVERSION = YES;
				CLANG_WARN_OBJC_ROOT_CLASS = YES_ERROR;
				CLANG_WARN_UNREACHABLE_CODE = YES;
				CLANG_WARN__DUPLICATE_METHOD_MATCH = YES;
				"CODE_SIGN_IDENTITY[sdk=iphoneos*]" = "iPhone Developer";
				COPY_PHASE_STRIP = NO;
				DEBUG_INFORMATION_FORMAT = dwarf;
				ENABLE_STRICT_OBJC_MSGSEND = YES;
				ENABLE_TESTABILITY = YES;
				GCC_C_LANGUAGE_STANDARD = gnu99;
				GCC_DYNAMIC_NO_PIC = NO;
				GCC_NO_COMMON_BLOCKS = YES;
				GCC_OPTIMIZATION_LEVEL = 0;
				GCC_PREPROCESSOR_DEFINITIONS = (
					"DEBUG=1",
					"$(inherited)",
				);
				GCC_WARN_64_TO_32_BIT_CONVERSION = YES;
				GCC_WARN_ABOUT_RETURN_TYPE = YES_ERROR;
				GCC_WARN_UNDECLARED_SELECTOR = YES;
				GCC_WARN_UNINITIALIZED_AUTOS = YES_AGGRESSIVE;
				GCC_WARN_UNUSED_FUNCTION = YES;
				GCC_WARN_UNUSED_VARIABLE = YES;
				IPHONEOS_DEPLOYMENT_TARGET = 9.3;
				MTL_ENABLE_DEBUG_INFO = YES;
				ONLY_ACTIVE_ARCH = YES;
				SDKROOT = iphoneos;
			};
			name = Debug;
		};
		7F6F7C601D366C4C001ECE75 /* Release */ = {
			isa = XCBuildConfiguration;
			buildSettings = {
				ALWAYS_SEARCH_USER_PATHS = NO;
				CLANG_ANALYZER_NONNULL = YES;
				CLANG_CXX_LANGUAGE_STANDARD = "gnu++0x";
				CLANG_CXX_LIBRARY = "libc++";
				CLANG_ENABLE_MODULES = YES;
				CLANG_ENABLE_OBJC_ARC = YES;
				CLANG_WARN_BOOL_CONVERSION = YES;
				CLANG_WARN_CONSTANT_CONVERSION = YES;
				CLANG_WARN_DIRECT_OBJC_ISA_USAGE = YES_ERROR;
				CLANG_WARN_EMPTY_BODY = YES;
				CLANG_WARN_ENUM_CONVERSION = YES;
				CLANG_WARN_INT_CONVERSION = YES;
				CLANG_WARN_OBJC_ROOT_CLASS = YES_ERROR;
				CLANG_WARN_UNREACHABLE_CODE = YES;
				CLANG_WARN__DUPLICATE_METHOD_MATCH = YES;
				"CODE_SIGN_IDENTITY[sdk=iphoneos*]" = "iPhone Developer";
				COPY_PHASE_STRIP = NO;
				DEBUG_INFORMATION_FORMAT = "dwarf-with-dsym";
				ENABLE_NS_ASSERTIONS = NO;
				ENABLE_STRICT_OBJC_MSGSEND = YES;
				GCC_C_LANGUAGE_STANDARD = gnu99;
				GCC_NO_COMMON_BLOCKS = YES;
				GCC_WARN_64_TO_32_BIT_CONVERSION = YES;
				GCC_WARN_ABOUT_RETURN_TYPE = YES_ERROR;
				GCC_WARN_UNDECLARED_SELECTOR = YES;
				GCC_WARN_UNINITIALIZED_AUTOS = YES_AGGRESSIVE;
				GCC_WARN_UNUSED_FUNCTION = YES;
				GCC_WARN_UNUSED_VARIABLE = YES;
				IPHONEOS_DEPLOYMENT_TARGET = 9.3;
				MTL_ENABLE_DEBUG_INFO = NO;
				SDKROOT = iphoneos;
				VALIDATE_PRODUCT = YES;
			};
			name = Release;
		};
		7F6F7C621D366C4C001ECE75 /* Debug */ = {
			isa = XCBuildConfiguration;
			buildSettings = {
				ASSETCATALOG_COMPILER_APPICON_NAME = AppIcon;
				INFOPLIST_FILE = GXToastDemo/Info.plist;
				LD_RUNPATH_SEARCH_PATHS = "$(inherited) @executable_path/Frameworks";
				PRODUCT_BUNDLE_IDENTIFIER = com.garyxuan.GXToastDemo;
				PRODUCT_NAME = "$(TARGET_NAME)";
			};
			name = Debug;
		};
		7F6F7C631D366C4C001ECE75 /* Release */ = {
			isa = XCBuildConfiguration;
			buildSettings = {
				ASSETCATALOG_COMPILER_APPICON_NAME = AppIcon;
				INFOPLIST_FILE = GXToastDemo/Info.plist;
				LD_RUNPATH_SEARCH_PATHS = "$(inherited) @executable_path/Frameworks";
				PRODUCT_BUNDLE_IDENTIFIER = com.garyxuan.GXToastDemo;
				PRODUCT_NAME = "$(TARGET_NAME)";
			};
			name = Release;
		};
		7F6F7C651D366C4C001ECE75 /* Debug */ = {
			isa = XCBuildConfiguration;
			buildSettings = {
				BUNDLE_LOADER = "$(TEST_HOST)";
				INFOPLIST_FILE = GXToastDemoTests/Info.plist;
				LD_RUNPATH_SEARCH_PATHS = "$(inherited) @executable_path/Frameworks @loader_path/Frameworks";
				PRODUCT_BUNDLE_IDENTIFIER = com.garyxuan.GXToastDemoTests;
				PRODUCT_NAME = "$(TARGET_NAME)";
				TEST_HOST = "$(BUILT_PRODUCTS_DIR)/GXToastDemo.app/GXToastDemo";
			};
			name = Debug;
		};
		7F6F7C661D366C4C001ECE75 /* Release */ = {
			isa = XCBuildConfiguration;
			buildSettings = {
				BUNDLE_LOADER = "$(TEST_HOST)";
				INFOPLIST_FILE = GXToastDemoTests/Info.plist;
				LD_RUNPATH_SEARCH_PATHS = "$(inherited) @executable_path/Frameworks @loader_path/Frameworks";
				PRODUCT_BUNDLE_IDENTIFIER = com.garyxuan.GXToastDemoTests;
				PRODUCT_NAME = "$(TARGET_NAME)";
				TEST_HOST = "$(BUILT_PRODUCTS_DIR)/GXToastDemo.app/GXToastDemo";
			};
			name = Release;
		};
		7F6F7C681D366C4C001ECE75 /* Debug */ = {
			isa = XCBuildConfiguration;
			buildSettings = {
				INFOPLIST_FILE = GXToastDemoUITests/Info.plist;
				LD_RUNPATH_SEARCH_PATHS = "$(inherited) @executable_path/Frameworks @loader_path/Frameworks";
				PRODUCT_BUNDLE_IDENTIFIER = com.garyxuan.GXToastDemoUITests;
				PRODUCT_NAME = "$(TARGET_NAME)";
				TEST_TARGET_NAME = GXToastDemo;
			};
			name = Debug;
		};
		7F6F7C691D366C4C001ECE75 /* Release */ = {
			isa = XCBuildConfiguration;
			buildSettings = {
				INFOPLIST_FILE = GXToastDemoUITests/Info.plist;
				LD_RUNPATH_SEARCH_PATHS = "$(inherited) @executable_path/Frameworks @loader_path/Frameworks";
				PRODUCT_BUNDLE_IDENTIFIER = com.garyxuan.GXToastDemoUITests;
				PRODUCT_NAME = "$(TARGET_NAME)";
				TEST_TARGET_NAME = GXToastDemo;
			};
			name = Release;
		};
/* End XCBuildConfiguration section */

/* Begin XCConfigurationList section */
		7F6F7C2C1D366C4C001ECE75 /* Build configuration list for PBXProject "GXToastDemo" */ = {
			isa = XCConfigurationList;
			buildConfigurations = (
				7F6F7C5F1D366C4C001ECE75 /* Debug */,
				7F6F7C601D366C4C001ECE75 /* Release */,
			);
			defaultConfigurationIsVisible = 0;
			defaultConfigurationName = Release;
		};
		7F6F7C611D366C4C001ECE75 /* Build configuration list for PBXNativeTarget "GXToastDemo" */ = {
			isa = XCConfigurationList;
			buildConfigurations = (
				7F6F7C621D366C4C001ECE75 /* Debug */,
				7F6F7C631D366C4C001ECE75 /* Release */,
			);
			defaultConfigurationIsVisible = 0;
		};
		7F6F7C641D366C4C001ECE75 /* Build configuration list for PBXNativeTarget "GXToastDemoTests" */ = {
			isa = XCConfigurationList;
			buildConfigurations = (
				7F6F7C651D366C4C001ECE75 /* Debug */,
				7F6F7C661D366C4C001ECE75 /* Release */,
			);
			defaultConfigurationIsVisible = 0;
		};
		7F6F7C671D366C4C001ECE75 /* Build configuration list for PBXNativeTarget "GXToastDemoUITests" */ = {
			isa = XCConfigurationList;
			buildConfigurations = (
				7F6F7C681D366C4C001ECE75 /* Debug */,
				7F6F7C691D366C4C001ECE75 /* Release */,
			);
			defaultConfigurationIsVisible = 0;
		};
/* End XCConfigurationList section */

/* Begin XCVersionGroup section */
		7F6F7C401D366C4C001ECE75 /* GXToastDemo.xcdatamodeld */ = {
			isa = XCVersionGroup;
			children = (
				7F6F7C411D366C4C001ECE75 /* GXToastDemo.xcdatamodel */,
			);
			currentVersion = 7F6F7C411D366C4C001ECE75 /* GXToastDemo.xcdatamodel */;
			path = GXToastDemo.xcdatamodeld;
			sourceTree = "<group>";
			versionGroupType = wrapper.xcdatamodel;
		};
/* End XCVersionGroup section */
	};
	rootObject = 7F6F7C291D366C4C001ECE75 /* Project object */;
}
